
Microsoft Visual Studio Solution File, Format Version 11.00
# Visual Studio 2010
Project("{FAE04EC0-301F-11D3-BF4B-00C04F79EFBC}") = "Disparo", "Assembly-CSharp.csproj", "{626193DF-E4E8-F396-74BF-CCED5BA49DEA}"
EndProject
Global
	GlobalSection(SolutionConfigurationPlatforms) = preSolution
		Debug|Any CPU = Debug|Any CPU
		Release|Any CPU = Release|Any CPU
	EndGlobalSection
	GlobalSection(ProjectConfigurationPlatforms) = postSolution
		{626193DF-E4E8-F396-74BF-CCED5BA49DEA}.Debug|Any CPU.ActiveCfg = Debug|Any CPU
		{626193DF-E4E8-F396-74BF-CCED5BA49DEA}.Debug|Any CPU.Build.0 = Debug|Any CPU
		{626193DF-E4E8-F396-74BF-CCED5BA49DEA}.Release|Any CPU.ActiveCfg = Release|Any CPU
		{626193DF-E4E8-F396-74BF-CCED5BA49DEA}.Release|Any CPU.Build.0 = Release|Any CPU
	EndGlobalSection
	GlobalSection(SolutionProperties) = preSolution
		HideSolutionNode = FALSE
	EndGlobalSection
	GlobalSection(MonoDevelopProperties) = preSolution
		StartupItem = Assembly-CSharp.csproj
	EndGlobalSection
EndGlobal
